<?xml version="1.0" encoding="utf-8"?>
<Project ToolsVersion="4.0" xmlns="http://schemas.microsoft.com/developer/msbuild/2003">
  <ItemGroup>
    <Filter Include="Resource Files">
      <UniqueIdentifier>{67DA6AB6-F800-4c08-8B7A-83BB121AAD01}</UniqueIdentifier>
      <Extensions>rc;ico;cur;bmp;dlg;rc2;rct;bin;rgs;gif;jpg;jpeg;jpe;resx;tiff;tif;png;wav</Extensions>
    </Filter>
  </ItemGroup>
  <ItemGroup>
    <ClCompile Include="..\src\defreader.cpp" />
    <ClCompile Include="..\src\entity.cpp" />
    <ClCompile Include="..\src\entreader.cpp" />
    <ClCompile Include="..\src\main.cpp" />
    <ClCompile Include="..\src\translate.cpp" />
  </ItemGroup>
  <ItemGroup>
    <ClInclude Include="..\src\defreader.h" />
    <ClInclude Include="..\src\entity.h" />
    <ClInclude Include="..\src\entreader.h" />
    <ClInclude Include="..\src\rapidxml-1.13\rapidxml.hpp" />
    <ClInclude Include="..\src\rapidxml-1.13\rapidxml_iterators.hpp" />
    <ClInclude Include="..\src\rapidxml-1.13\rapidxml_print.hpp" />
    <ClInclude Include="..\src\rapidxml-1.13\rapidxml_utils.hpp" />
    <ClInclude Include="..\src\translate.h" />
  </ItemGroup>
</Project>